
Microsoft Visual Studio Solution File, Format Version 12.00
# Visual Studio Version 17
VisualStudioVersion = 17.2.32616.157
MinimumVisualStudioVersion = 10.0.40219.1
Project("{FAE04EC0-301F-11D3-BF4B-00C04F79EFBC}") = "Activity4", "Activity4.csproj", "{D627FE16-AD9B-41FC-ADEE-F0D07F6CD309}"
EndProject
Global
	GlobalSection(SolutionConfigurationPlatforms) = preSolution
		Debug|Any CPU = Debug|Any CPU
		Release|Any CPU = Release|Any CPU
	EndGlobalSection
	GlobalSection(ProjectConfigurationPlatforms) = postSolution
		{D627FE16-AD9B-41FC-ADEE-F0D07F6CD309}.Debug|Any CPU.ActiveCfg = Debug|Any CPU
		{D627FE16-AD9B-41FC-ADEE-F0D07F6CD309}.Debug|Any CPU.Build.0 = Debug|Any CPU
		{D627FE16-AD9B-41FC-ADEE-F0D07F6CD309}.Release|Any CPU.ActiveCfg = Release|Any CPU
		{D627FE16-AD9B-41FC-ADEE-F0D07F6CD309}.Release|Any CPU.Build.0 = Release|Any CPU
	EndGlobalSection
	GlobalSection(SolutionProperties) = preSolution
		HideSolutionNode = FALSE
	EndGlobalSection
	GlobalSection(ExtensibilityGlobals) = postSolution
		SolutionGuid = {7071BA15-C79F-40C2-A4B2-67366049A63F}
	EndGlobalSection
EndGlobal
